// !$*UTF8*$!
{
	archiveVersion = 1;
	classes = {
	};
	objectVersion = 56;
	objects = {

/* Begin PBXBuildFile section */
		D82DE36928DA70FC00C7E442 /* File_Handling.c in Sources */ = {isa = PBXBuildFile; fileRef = D82DE36828DA70FC00C7E442 /* File_Handling.c */; };
		D87D554628D9C47B001211F8 /* main.c in Sources */ = {isa = PBXBuildFile; fileRef = D87D554528D9C47B001211F8 /* main.c */; };
		D87D556828D9E5E9001211F8 /* App.c in Sources */ = {isa = PBXBuildFile; fileRef = D87D555528D9C61B001211F8 /* App.c */; };
		D87D556E28D9E717001211F8 /* Standard Types.h in Sources */ = {isa = PBXBuildFile; fileRef = D87D556028D9C856001211F8 /* Standard Types.h */; };
		D87D556F28D9E717001211F8 /* Server.h in Sources */ = {isa = PBXBuildFile; fileRef = D87D555A28D9C670001211F8 /* Server.h */; };
		D87D557028D9E717001211F8 /* Server.c in Sources */ = {isa = PBXBuildFile; fileRef = D87D555B28D9C670001211F8 /* Server.c */; };
		D87D557128D9E717001211F8 /* Card.h in Sources */ = {isa = PBXBuildFile; fileRef = D87D555728D9C64D001211F8 /* Card.h */; };
		D87D557228D9E717001211F8 /* Card.c in Sources */ = {isa = PBXBuildFile; fileRef = D87D555828D9C64D001211F8 /* Card.c */; };
		D87D557328D9E717001211F8 /* Terminal.h in Sources */ = {isa = PBXBuildFile; fileRef = D87D555D28D9C67D001211F8 /* Terminal.h */; };
		D87D557428D9E717001211F8 /* Terminal.c in Sources */ = {isa = PBXBuildFile; fileRef = D87D555E28D9C67D001211F8 /* Terminal.c */; };
		D87D557528D9E717001211F8 /* App.h in Sources */ = {isa = PBXBuildFile; fileRef = D87D555428D9C61B001211F8 /* App.h */; };
/* End PBXBuildFile section */

/* Begin PBXCopyFilesBuildPhase section */
		D87D554028D9C47B001211F8 /* Copy Files */ = {
			isa = PBXCopyFilesBuildPhase;
			buildActionMask = 2147483647;
			dstPath = /usr/share/man/man1/;
			dstSubfolderSpec = 0;
			files = (
			);
			name = "Copy Files";
			runOnlyForDeploymentPostprocessing = 1;
		};
/* End PBXCopyFilesBuildPhase section */

/* Begin PBXFileReference section */
		D82DE36428DA70FC00C7E442 /* Transactions_DB.txt */ = {isa = PBXFileReference; fileEncoding = 4; lastKnownFileType = text; path = Transactions_DB.txt; sourceTree = "<group>"; };
		D82DE36528DA70FC00C7E442 /* Accounts_DB.txt */ = {isa = PBXFileReference; fileEncoding = 4; lastKnownFileType = text; path = Accounts_DB.txt; sourceTree = "<group>"; };
		D82DE36728DA70FC00C7E442 /* File_Handling.h */ = {isa = PBXFileReference; fileEncoding = 4; lastKnownFileType = sourcecode.c.h; path = File_Handling.h; sourceTree = "<group>"; };
		D82DE36828DA70FC00C7E442 /* File_Handling.c */ = {isa = PBXFileReference; fileEncoding = 4; lastKnownFileType = sourcecode.c.c; path = File_Handling.c; sourceTree = "<group>"; };
		D87D554228D9C47B001211F8 /* Payment-App */ = {isa = PBXFileReference; explicitFileType = "compiled.mach-o.executable"; includeInIndex = 0; path = "Payment-App"; sourceTree = BUILT_PRODUCTS_DIR; };
		D87D554528D9C47B001211F8 /* main.c */ = {isa = PBXFileReference; lastKnownFileType = sourcecode.c.c; path = main.c; sourceTree = "<group>"; };
		D87D555428D9C61B001211F8 /* App.h */ = {isa = PBXFileReference; lastKnownFileType = sourcecode.c.h; path = App.h; sourceTree = "<group>"; };
		D87D555528D9C61B001211F8 /* App.c */ = {isa = PBXFileReference; lastKnownFileType = sourcecode.c.c; path = App.c; sourceTree = "<group>"; };
		D87D555728D9C64D001211F8 /* Card.h */ = {isa = PBXFileReference; lastKnownFileType = sourcecode.c.h; path = Card.h; sourceTree = "<group>"; };
		D87D555828D9C64D001211F8 /* Card.c */ = {isa = PBXFileReference; lastKnownFileType = sourcecode.c.c; path = Card.c; sourceTree = "<group>"; };
		D87D555A28D9C670001211F8 /* Server.h */ = {isa = PBXFileReference; lastKnownFileType = sourcecode.c.h; path = Server.h; sourceTree = "<group>"; };
		D87D555B28D9C670001211F8 /* Server.c */ = {isa = PBXFileReference; lastKnownFileType = sourcecode.c.c; path = Server.c; sourceTree = "<group>"; };
		D87D555D28D9C67D001211F8 /* Terminal.h */ = {isa = PBXFileReference; lastKnownFileType = sourcecode.c.h; path = Terminal.h; sourceTree = "<group>"; };
		D87D555E28D9C67D001211F8 /* Terminal.c */ = {isa = PBXFileReference; lastKnownFileType = sourcecode.c.c; path = Terminal.c; sourceTree = "<group>"; };
		D87D556028D9C856001211F8 /* Standard Types.h */ = {isa = PBXFileReference; lastKnownFileType = sourcecode.c.h; path = "Standard Types.h"; sourceTree = "<group>"; };
/* End PBXFileReference section */

/* Begin PBXFrameworksBuildPhase section */
		D87D553F28D9C47B001211F8 /* Frameworks */ = {
			isa = PBXFrameworksBuildPhase;
			buildActionMask = 2147483647;
			files = (
			);
			runOnlyForDeploymentPostprocessing = 0;
		};
/* End PBXFrameworksBuildPhase section */

/* Begin PBXGroup section */
		D82DE36628DA70FC00C7E442 /* File Handling */ = {
			isa = PBXGroup;
			children = (
				D82DE36528DA70FC00C7E442 /* Accounts_DB.txt */,
				D82DE36428DA70FC00C7E442 /* Transactions_DB.txt */,
				D82DE36728DA70FC00C7E442 /* File_Handling.h */,
				D82DE36828DA70FC00C7E442 /* File_Handling.c */,
			);
			path = "File Handling";
			sourceTree = "<group>";
		};
		D87D553928D9C47B001211F8 = {
			isa = PBXGroup;
			children = (
				D87D554428D9C47B001211F8 /* Payment-App */,
				D87D554328D9C47B001211F8 /* Products */,
			);
			sourceTree = "<group>";
		};
		D87D554328D9C47B001211F8 /* Products */ = {
			isa = PBXGroup;
			children = (
				D87D554228D9C47B001211F8 /* Payment-App */,
			);
			name = Products;
			sourceTree = "<group>";
		};
		D87D554428D9C47B001211F8 /* Payment-App */ = {
			isa = PBXGroup;
			children = (
				D87D554528D9C47B001211F8 /* main.c */,
				D87D556028D9C856001211F8 /* Standard Types.h */,
				D82DE36628DA70FC00C7E442 /* File Handling */,
				D87D555028D9C5D9001211F8 /* Server */,
				D87D554F28D9C5D5001211F8 /* Card */,
				D87D554E28D9C5BC001211F8 /* Terminal */,
				D87D554C28D9C5A5001211F8 /* Application */,
			);
			path = "Payment-App";
			sourceTree = "<group>";
		};
		D87D554C28D9C5A5001211F8 /* Application */ = {
			isa = PBXGroup;
			children = (
				D87D555428D9C61B001211F8 /* App.h */,
				D87D555528D9C61B001211F8 /* App.c */,
			);
			path = Application;
			sourceTree = "<group>";
		};
		D87D554E28D9C5BC001211F8 /* Terminal */ = {
			isa = PBXGroup;
			children = (
				D87D555D28D9C67D001211F8 /* Terminal.h */,
				D87D555E28D9C67D001211F8 /* Terminal.c */,
			);
			path = Terminal;
			sourceTree = "<group>";
		};
		D87D554F28D9C5D5001211F8 /* Card */ = {
			isa = PBXGroup;
			children = (
				D87D555728D9C64D001211F8 /* Card.h */,
				D87D555828D9C64D001211F8 /* Card.c */,
			);
			path = Card;
			sourceTree = "<group>";
		};
		D87D555028D9C5D9001211F8 /* Server */ = {
			isa = PBXGroup;
			children = (
				D87D555A28D9C670001211F8 /* Server.h */,
				D87D555B28D9C670001211F8 /* Server.c */,
			);
			path = Server;
			sourceTree = "<group>";
		};
/* End PBXGroup section */

/* Begin PBXNativeTarget section */
		D87D554128D9C47B001211F8 /* Payment-App */ = {
			isa = PBXNativeTarget;
			buildConfigurationList = D87D554928D9C47B001211F8 /* Build configuration list for PBXNativeTarget "Payment-App" */;
			buildPhases = (
				D87D553E28D9C47B001211F8 /* Sources */,
				D87D553F28D9C47B001211F8 /* Frameworks */,
				D87D554028D9C47B001211F8 /* Copy Files */,
			);
			buildRules = (
			);
			dependencies = (
			);
			name = "Payment-App";
			productName = "Payment-App";
			productReference = D87D554228D9C47B001211F8 /* Payment-App */;
			productType = "com.apple.product-type.tool";
		};
/* End PBXNativeTarget section */

/* Begin PBXProject section */
		D87D553A28D9C47B001211F8 /* Project object */ = {
			isa = PBXProject;
			attributes = {
				BuildIndependentTargetsInParallel = 1;
				LastUpgradeCheck = 1400;
				TargetAttributes = {
					D87D554128D9C47B001211F8 = {
						CreatedOnToolsVersion = 14.0;
					};
				};
			};
			buildConfigurationList = D87D553D28D9C47B001211F8 /* Build configuration list for PBXProject "Payment-App" */;
			compatibilityVersion = "Xcode 14.0";
			developmentRegion = en;
			hasScannedForEncodings = 0;
			knownRegions = (
				en,
				Base,
			);
			mainGroup = D87D553928D9C47B001211F8;
			productRefGroup = D87D554328D9C47B001211F8 /* Products */;
			projectDirPath = "";
			projectRoot = "";
			targets = (
				D87D554128D9C47B001211F8 /* Payment-App */,
			);
		};
/* End PBXProject section */

/* Begin PBXSourcesBuildPhase section */
		D87D553E28D9C47B001211F8 /* Sources */ = {
			isa = PBXSourcesBuildPhase;
			buildActionMask = 2147483647;
			files = (
				D87D556E28D9E717001211F8 /* Standard Types.h in Sources */,
				D87D557128D9E717001211F8 /* Card.h in Sources */,
				D87D557328D9E717001211F8 /* Terminal.h in Sources */,
				D87D556F28D9E717001211F8 /* Server.h in Sources */,
				D87D557528D9E717001211F8 /* App.h in Sources */,
				D87D557228D9E717001211F8 /* Card.c in Sources */,
				D87D557428D9E717001211F8 /* Terminal.c in Sources */,
				D82DE36928DA70FC00C7E442 /* File_Handling.c in Sources */,
				D87D557028D9E717001211F8 /* Server.c in Sources */,
				D87D556828D9E5E9001211F8 /* App.c in Sources */,
				D87D554628D9C47B001211F8 /* main.c in Sources */,
			);
			runOnlyForDeploymentPostprocessing = 0;
		};
/* End PBXSourcesBuildPhase section */

/* Begin XCBuildConfiguration section */
		D87D554728D9C47B001211F8 /* Debug */ = {
			isa = XCBuildConfiguration;
			buildSettings = {
				ALWAYS_SEARCH_USER_PATHS = NO;
				CLANG_ANALYZER_NONNULL = YES;
				CLANG_ANALYZER_NUMBER_OBJECT_CONVERSION = YES_AGGRESSIVE;
				CLANG_CXX_LANGUAGE_STANDARD = "gnu++20";
				CLANG_ENABLE_MODULES = YES;
				CLANG_ENABLE_OBJC_ARC = YES;
				CLANG_ENABLE_OBJC_WEAK = YES;
				CLANG_WARN_BLOCK_CAPTURE_AUTORELEASING = YES;
				CLANG_WARN_BOOL_CONVERSION = YES;
				CLANG_WARN_COMMA = YES;
				CLANG_WARN_CONSTANT_CONVERSION = YES;
				CLANG_WARN_DEPRECATED_OBJC_IMPLEMENTATIONS = YES;
				CLANG_WARN_DIRECT_OBJC_ISA_USAGE = YES_ERROR;
				CLANG_WARN_DOCUMENTATION_COMMENTS = YES;
				CLANG_WARN_EMPTY_BODY = YES;
				CLANG_WARN_ENUM_CONVERSION = YES;
				CLANG_WARN_INFINITE_RECURSION = YES;
				CLANG_WARN_INT_CONVERSION = YES;
				CLANG_WARN_NON_LITERAL_NULL_CONVERSION = YES;
				CLANG_WARN_OBJC_IMPLICIT_RETAIN_SELF = YES;
				CLANG_WARN_OBJC_LITERAL_CONVERSION = YES;
				CLANG_WARN_OBJC_ROOT_CLASS = YES_ERROR;
				CLANG_WARN_QUOTED_INCLUDE_IN_FRAMEWORK_HEADER = YES;
				CLANG_WARN_RANGE_LOOP_ANALYSIS = YES;
				CLANG_WARN_STRICT_PROTOTYPES = YES;
				CLANG_WARN_SUSPICIOUS_MOVE = YES;
				CLANG_WARN_UNGUARDED_AVAILABILITY = YES_AGGRESSIVE;
				CLANG_WARN_UNREACHABLE_CODE = YES;
				CLANG_WARN__DUPLICATE_METHOD_MATCH = YES;
				COPY_PHASE_STRIP = NO;
				DEBUG_INFORMATION_FORMAT = dwarf;
				ENABLE_STRICT_OBJC_MSGSEND = YES;
				ENABLE_TESTABILITY = YES;
				GCC_C_LANGUAGE_STANDARD = gnu11;
				GCC_DYNAMIC_NO_PIC = NO;
				GCC_NO_COMMON_BLOCKS = YES;
				GCC_OPTIMIZATION_LEVEL = 0;
				GCC_PREPROCESSOR_DEFINITIONS = (
					"DEBUG=1",
					"$(inherited)",
				);
				GCC_WARN_64_TO_32_BIT_CONVERSION = YES;
				GCC_WARN_ABOUT_RETURN_TYPE = YES_ERROR;
				GCC_WARN_UNDECLARED_SELECTOR = YES;
				GCC_WARN_UNINITIALIZED_AUTOS = YES_AGGRESSIVE;
				GCC_WARN_UNUSED_FUNCTION = YES;
				GCC_WARN_UNUSED_VARIABLE = YES;
				MACOSX_DEPLOYMENT_TARGET = 12.3;
				MTL_ENABLE_DEBUG_INFO = INCLUDE_SOURCE;
				MTL_FAST_MATH = YES;
				ONLY_ACTIVE_ARCH = YES;
				SDKROOT = macosx;
			};
			name = Debug;
		};
		D87D554828D9C47B001211F8 /* Release */ = {
			isa = XCBuildConfiguration;
			buildSettings = {
				ALWAYS_SEARCH_USER_PATHS = NO;
				CLANG_ANALYZER_NONNULL = YES;
				CLANG_ANALYZER_NUMBER_OBJECT_CONVERSION = YES_AGGRESSIVE;
				CLANG_CXX_LANGUAGE_STANDARD = "gnu++20";
				CLANG_ENABLE_MODULES = YES;
				CLANG_ENABLE_OBJC_ARC = YES;
				CLANG_ENABLE_OBJC_WEAK = YES;
				CLANG_WARN_BLOCK_CAPTURE_AUTORELEASING = YES;
				CLANG_WARN_BOOL_CONVERSION = YES;
				CLANG_WARN_COMMA = YES;
				CLANG_WARN_CONSTANT_CONVERSION = YES;
				CLANG_WARN_DEPRECATED_OBJC_IMPLEMENTATIONS = YES;
				CLANG_WARN_DIRECT_OBJC_ISA_USAGE = YES_ERROR;
				CLANG_WARN_DOCUMENTATION_COMMENTS = YES;
				CLANG_WARN_EMPTY_BODY = YES;
				CLANG_WARN_ENUM_CONVERSION = YES;
				CLANG_WARN_INFINITE_RECURSION = YES;
				CLANG_WARN_INT_CONVERSION = YES;
				CLANG_WARN_NON_LITERAL_NULL_CONVERSION = YES;
				CLANG_WARN_OBJC_IMPLICIT_RETAIN_SELF = YES;
				CLANG_WARN_OBJC_LITERAL_CONVERSION = YES;
				CLANG_WARN_OBJC_ROOT_CLASS = YES_ERROR;
				CLANG_WARN_QUOTED_INCLUDE_IN_FRAMEWORK_HEADER = YES;
				CLANG_WARN_RANGE_LOOP_ANALYSIS = YES;
				CLANG_WARN_STRICT_PROTOTYPES = YES;
				CLANG_WARN_SUSPICIOUS_MOVE = YES;
				CLANG_WARN_UNGUARDED_AVAILABILITY = YES_AGGRESSIVE;
				CLANG_WARN_UNREACHABLE_CODE = YES;
				CLANG_WARN__DUPLICATE_METHOD_MATCH = YES;
				COPY_PHASE_STRIP = NO;
				DEBUG_INFORMATION_FORMAT = "dwarf-with-dsym";
				ENABLE_NS_ASSERTIONS = NO;
				ENABLE_STRICT_OBJC_MSGSEND = YES;
				GCC_C_LANGUAGE_STANDARD = gnu11;
				GCC_NO_COMMON_BLOCKS = YES;
				GCC_WARN_64_TO_32_BIT_CONVERSION = YES;
				GCC_WARN_ABOUT_RETURN_TYPE = YES_ERROR;
				GCC_WARN_UNDECLARED_SELECTOR = YES;
				GCC_WARN_UNINITIALIZED_AUTOS = YES_AGGRESSIVE;
				GCC_WARN_UNUSED_FUNCTION = YES;
				GCC_WARN_UNUSED_VARIABLE = YES;
				MACOSX_DEPLOYMENT_TARGET = 12.3;
				MTL_ENABLE_DEBUG_INFO = NO;
				MTL_FAST_MATH = YES;
				SDKROOT = macosx;
			};
			name = Release;
		};
		D87D554A28D9C47B001211F8 /* Debug */ = {
			isa = XCBuildConfiguration;
			buildSettings = {
				CODE_SIGN_STYLE = Automatic;
				PRODUCT_NAME = "$(TARGET_NAME)";
			};
			name = Debug;
		};
		D87D554B28D9C47B001211F8 /* Release */ = {
			isa = XCBuildConfiguration;
			buildSettings = {
				CODE_SIGN_STYLE = Automatic;
				PRODUCT_NAME = "$(TARGET_NAME)";
			};
			name = Release;
		};
/* End XCBuildConfiguration section */

/* Begin XCConfigurationList section */
		D87D553D28D9C47B001211F8 /* Build configuration list for PBXProject "Payment-App" */ = {
			isa = XCConfigurationList;
			buildConfigurations = (
				D87D554728D9C47B001211F8 /* Debug */,
				D87D554828D9C47B001211F8 /* Release */,
			);
			defaultConfigurationIsVisible = 0;
			defaultConfigurationName = Release;
		};
		D87D554928D9C47B001211F8 /* Build configuration list for PBXNativeTarget "Payment-App" */ = {
			isa = XCConfigurationList;
			buildConfigurations = (
				D87D554A28D9C47B001211F8 /* Debug */,
				D87D554B28D9C47B001211F8 /* Release */,
			);
			defaultConfigurationIsVisible = 0;
			defaultConfigurationName = Release;
		};
/* End XCConfigurationList section */
	};
	rootObject = D87D553A28D9C47B001211F8 /* Project object */;
}
